
Microsoft Visual Studio Solution File, Format Version 12.00
Project("{FAE04EC0-301F-11D3-BF4B-00C04F79EFBC}") = "Bobcode.Ussd.Arkesel", "Bobcode.Ussd.Arkesel\Bobcode.Ussd.Arkesel.csproj", "{E4BBCD80-5A44-462C-ABB6-0348AFD457B1}"
EndProject
Project("{FAE04EC0-301F-11D3-BF4B-00C04F79EFBC}") = "Bobcode.Ussd.Arkesel.Tests", "Bobcode.Ussd.Arkesel.Tests\Bobcode.Ussd.Arkesel.Tests.csproj", "{5303B13F-6E53-4D53-A998-A42E7C9ABD99}"
EndProject
Project("{FAE04EC0-301F-11D3-BF4B-00C04F79EFBC}") = "Bobcode.Ussd.Arkesel.Sample", "Bobcode.Ussd.Arkesel.Sample\Bobcode.Ussd.Arkesel.Sample.csproj", "{60B485E7-989B-45F7-A95E-B3D2612FEEA5}"
EndProject
Global
	GlobalSection(SolutionConfigurationPlatforms) = preSolution
		Debug|Any CPU = Debug|Any CPU
		Release|Any CPU = Release|Any CPU
	EndGlobalSection
	GlobalSection(ProjectConfigurationPlatforms) = postSolution
		{E4BBCD80-5A44-462C-ABB6-0348AFD457B1}.Debug|Any CPU.ActiveCfg = Debug|Any CPU
		{E4BBCD80-5A44-462C-ABB6-0348AFD457B1}.Debug|Any CPU.Build.0 = Debug|Any CPU
		{E4BBCD80-5A44-462C-ABB6-0348AFD457B1}.Release|Any CPU.ActiveCfg = Release|Any CPU
		{E4BBCD80-5A44-462C-ABB6-0348AFD457B1}.Release|Any CPU.Build.0 = Release|Any CPU
		{5303B13F-6E53-4D53-A998-A42E7C9ABD99}.Debug|Any CPU.ActiveCfg = Debug|Any CPU
		{5303B13F-6E53-4D53-A998-A42E7C9ABD99}.Debug|Any CPU.Build.0 = Debug|Any CPU
		{5303B13F-6E53-4D53-A998-A42E7C9ABD99}.Release|Any CPU.ActiveCfg = Release|Any CPU
		{5303B13F-6E53-4D53-A998-A42E7C9ABD99}.Release|Any CPU.Build.0 = Release|Any CPU
		{60B485E7-989B-45F7-A95E-B3D2612FEEA5}.Debug|Any CPU.ActiveCfg = Debug|Any CPU
		{60B485E7-989B-45F7-A95E-B3D2612FEEA5}.Debug|Any CPU.Build.0 = Debug|Any CPU
		{60B485E7-989B-45F7-A95E-B3D2612FEEA5}.Release|Any CPU.ActiveCfg = Release|Any CPU
		{60B485E7-989B-45F7-A95E-B3D2612FEEA5}.Release|Any CPU.Build.0 = Release|Any CPU
	EndGlobalSection
EndGlobal
